// !$*UTF8*$!
{
	archiveVersion = 1;
	classes = {
	};
	objectVersion = 56;
	objects = {

/* Begin PBXBuildFile section */
		690F07D42A84FCC30017AFC2 /* Campus_CuisineApp.swift in Sources */ = {isa = PBXBuildFile; fileRef = 690F07D32A84FCC30017AFC2 /* Campus_CuisineApp.swift */; };
		690F07D62A84FCC30017AFC2 /* ContentView.swift in Sources */ = {isa = PBXBuildFile; fileRef = 690F07D52A84FCC30017AFC2 /* ContentView.swift */; };
		690F07D82A84FCC40017AFC2 /* Assets.xcassets in Resources */ = {isa = PBXBuildFile; fileRef = 690F07D72A84FCC40017AFC2 /* Assets.xcassets */; };
		690F07DB2A84FCC40017AFC2 /* Preview Assets.xcassets in Resources */ = {isa = PBXBuildFile; fileRef = 690F07DA2A84FCC40017AFC2 /* Preview Assets.xcassets */; };
		690F07E22A85040E0017AFC2 /* View2.swift in Sources */ = {isa = PBXBuildFile; fileRef = 690F07E12A85040E0017AFC2 /* View2.swift */; };
		690F07E42A8504290017AFC2 /* View3.swift in Sources */ = {isa = PBXBuildFile; fileRef = 690F07E32A8504290017AFC2 /* View3.swift */; };
		690F07E62A8540870017AFC2 /* View4.swift in Sources */ = {isa = PBXBuildFile; fileRef = 690F07E52A8540870017AFC2 /* View4.swift */; };
		690F07E82A8541180017AFC2 /* View1.swift in Sources */ = {isa = PBXBuildFile; fileRef = 690F07E72A8541180017AFC2 /* View1.swift */; };
		695776D62A8A77DC001930A5 /* theclassthing.swift in Sources */ = {isa = PBXBuildFile; fileRef = 695776D52A8A77DC001930A5 /* theclassthing.swift */; };
		695FD8762A8BC9180069CBDB /* settingsview.swift in Sources */ = {isa = PBXBuildFile; fileRef = 695FD8752A8BC9180069CBDB /* settingsview.swift */; };
		695FD8782A8CFDE00069CBDB /* SplashView.swift in Sources */ = {isa = PBXBuildFile; fileRef = 695FD8772A8CFDE00069CBDB /* SplashView.swift */; };
/* End PBXBuildFile section */

/* Begin PBXFileReference section */
		690F07D02A84FCC30017AFC2 /* Campus Cuisine.app */ = {isa = PBXFileReference; explicitFileType = wrapper.application; includeInIndex = 0; path = "Campus Cuisine.app"; sourceTree = BUILT_PRODUCTS_DIR; };
		690F07D32A84FCC30017AFC2 /* Campus_CuisineApp.swift */ = {isa = PBXFileReference; lastKnownFileType = sourcecode.swift; path = Campus_CuisineApp.swift; sourceTree = "<group>"; };
		690F07D52A84FCC30017AFC2 /* ContentView.swift */ = {isa = PBXFileReference; lastKnownFileType = sourcecode.swift; path = ContentView.swift; sourceTree = "<group>"; };
		690F07D72A84FCC40017AFC2 /* Assets.xcassets */ = {isa = PBXFileReference; lastKnownFileType = folder.assetcatalog; path = Assets.xcassets; sourceTree = "<group>"; };
		690F07DA2A84FCC40017AFC2 /* Preview Assets.xcassets */ = {isa = PBXFileReference; lastKnownFileType = folder.assetcatalog; path = "Preview Assets.xcassets"; sourceTree = "<group>"; };
		690F07E12A85040E0017AFC2 /* View2.swift */ = {isa = PBXFileReference; lastKnownFileType = sourcecode.swift; path = View2.swift; sourceTree = "<group>"; };
		690F07E32A8504290017AFC2 /* View3.swift */ = {isa = PBXFileReference; lastKnownFileType = sourcecode.swift; path = View3.swift; sourceTree = "<group>"; };
		690F07E52A8540870017AFC2 /* View4.swift */ = {isa = PBXFileReference; lastKnownFileType = sourcecode.swift; path = View4.swift; sourceTree = "<group>"; };
		690F07E72A8541180017AFC2 /* View1.swift */ = {isa = PBXFileReference; lastKnownFileType = sourcecode.swift; path = View1.swift; sourceTree = "<group>"; };
		695776D42A8A5F97001930A5 /* Campus-Cuisine-Info.plist */ = {isa = PBXFileReference; lastKnownFileType = text.plist; path = "Campus-Cuisine-Info.plist"; sourceTree = SOURCE_ROOT; };
		695776D52A8A77DC001930A5 /* theclassthing.swift */ = {isa = PBXFileReference; lastKnownFileType = sourcecode.swift; path = theclassthing.swift; sourceTree = "<group>"; };
		695FD8752A8BC9180069CBDB /* settingsview.swift */ = {isa = PBXFileReference; lastKnownFileType = sourcecode.swift; path = settingsview.swift; sourceTree = "<group>"; };
		695FD8772A8CFDE00069CBDB /* SplashView.swift */ = {isa = PBXFileReference; lastKnownFileType = sourcecode.swift; path = SplashView.swift; sourceTree = "<group>"; };
/* End PBXFileReference section */

/* Begin PBXFrameworksBuildPhase section */
		690F07CD2A84FCC30017AFC2 /* Frameworks */ = {
			isa = PBXFrameworksBuildPhase;
			buildActionMask = 2147483647;
			files = (
			);
			runOnlyForDeploymentPostprocessing = 0;
		};
/* End PBXFrameworksBuildPhase section */

/* Begin PBXGroup section */
		690F07C72A84FCC30017AFC2 = {
			isa = PBXGroup;
			children = (
				690F07D22A84FCC30017AFC2 /* Campus Cuisine */,
				690F07D12A84FCC30017AFC2 /* Products */,
			);
			sourceTree = "<group>";
		};
		690F07D12A84FCC30017AFC2 /* Products */ = {
			isa = PBXGroup;
			children = (
				690F07D02A84FCC30017AFC2 /* Campus Cuisine.app */,
			);
			name = Products;
			sourceTree = "<group>";
		};
		690F07D22A84FCC30017AFC2 /* Campus Cuisine */ = {
			isa = PBXGroup;
			children = (
				695776D42A8A5F97001930A5 /* Campus-Cuisine-Info.plist */,
				690F07D32A84FCC30017AFC2 /* Campus_CuisineApp.swift */,
				690F07D52A84FCC30017AFC2 /* ContentView.swift */,
				695776D52A8A77DC001930A5 /* theclassthing.swift */,
				690F07E12A85040E0017AFC2 /* View2.swift */,
				695FD8772A8CFDE00069CBDB /* SplashView.swift */,
				690F07E32A8504290017AFC2 /* View3.swift */,
				690F07E52A8540870017AFC2 /* View4.swift */,
				695FD8752A8BC9180069CBDB /* settingsview.swift */,
				690F07E72A8541180017AFC2 /* View1.swift */,
				690F07D72A84FCC40017AFC2 /* Assets.xcassets */,
				690F07D92A84FCC40017AFC2 /* Preview Content */,
			);
			path = "Campus Cuisine";
			sourceTree = "<group>";
		};
		690F07D92A84FCC40017AFC2 /* Preview Content */ = {
			isa = PBXGroup;
			children = (
				690F07DA2A84FCC40017AFC2 /* Preview Assets.xcassets */,
			);
			path = "Preview Content";
			sourceTree = "<group>";
		};
/* End PBXGroup section */

/* Begin PBXNativeTarget section */
		690F07CF2A84FCC30017AFC2 /* Campus Cuisine */ = {
			isa = PBXNativeTarget;
			buildConfigurationList = 690F07DE2A84FCC40017AFC2 /* Build configuration list for PBXNativeTarget "Campus Cuisine" */;
			buildPhases = (
				690F07CC2A84FCC30017AFC2 /* Sources */,
				690F07CD2A84FCC30017AFC2 /* Frameworks */,
				690F07CE2A84FCC30017AFC2 /* Resources */,
			);
			buildRules = (
			);
			dependencies = (
			);
			name = "Campus Cuisine";
			productName = "Campus Cuisine";
			productReference = 690F07D02A84FCC30017AFC2 /* Campus Cuisine.app */;
			productType = "com.apple.product-type.application";
		};
/* End PBXNativeTarget section */

/* Begin PBXProject section */
		690F07C82A84FCC30017AFC2 /* Project object */ = {
			isa = PBXProject;
			attributes = {
				BuildIndependentTargetsInParallel = 1;
				LastSwiftUpdateCheck = 1430;
				LastUpgradeCheck = 1430;
				TargetAttributes = {
					690F07CF2A84FCC30017AFC2 = {
						CreatedOnToolsVersion = 14.3.1;
					};
				};
			};
			buildConfigurationList = 690F07CB2A84FCC30017AFC2 /* Build configuration list for PBXProject "Campus Cuisine" */;
			compatibilityVersion = "Xcode 14.0";
			developmentRegion = en;
			hasScannedForEncodings = 0;
			knownRegions = (
				en,
				Base,
			);
			mainGroup = 690F07C72A84FCC30017AFC2;
			productRefGroup = 690F07D12A84FCC30017AFC2 /* Products */;
			projectDirPath = "";
			projectRoot = "";
			targets = (
				690F07CF2A84FCC30017AFC2 /* Campus Cuisine */,
			);
		};
/* End PBXProject section */

/* Begin PBXResourcesBuildPhase section */
		690F07CE2A84FCC30017AFC2 /* Resources */ = {
			isa = PBXResourcesBuildPhase;
			buildActionMask = 2147483647;
			files = (
				690F07DB2A84FCC40017AFC2 /* Preview Assets.xcassets in Resources */,
				690F07D82A84FCC40017AFC2 /* Assets.xcassets in Resources */,
			);
			runOnlyForDeploymentPostprocessing = 0;
		};
/* End PBXResourcesBuildPhase section */

/* Begin PBXSourcesBuildPhase section */
		690F07CC2A84FCC30017AFC2 /* Sources */ = {
			isa = PBXSourcesBuildPhase;
			buildActionMask = 2147483647;
			files = (
				690F07E42A8504290017AFC2 /* View3.swift in Sources */,
				695FD8762A8BC9180069CBDB /* settingsview.swift in Sources */,
				690F07D62A84FCC30017AFC2 /* ContentView.swift in Sources */,
				690F07E62A8540870017AFC2 /* View4.swift in Sources */,
				690F07E22A85040E0017AFC2 /* View2.swift in Sources */,
				695776D62A8A77DC001930A5 /* theclassthing.swift in Sources */,
				690F07E82A8541180017AFC2 /* View1.swift in Sources */,
				690F07D42A84FCC30017AFC2 /* Campus_CuisineApp.swift in Sources */,
				695FD8782A8CFDE00069CBDB /* SplashView.swift in Sources */,
			);
			runOnlyForDeploymentPostprocessing = 0;
		};
/* End PBXSourcesBuildPhase section */

/* Begin XCBuildConfiguration section */
		690F07DC2A84FCC40017AFC2 /* Debug */ = {
			isa = XCBuildConfiguration;
			buildSettings = {
				ALWAYS_SEARCH_USER_PATHS = NO;
				CLANG_ANALYZER_NONNULL = YES;
				CLANG_ANALYZER_NUMBER_OBJECT_CONVERSION = YES_AGGRESSIVE;
				CLANG_CXX_LANGUAGE_STANDARD = "gnu++20";
				CLANG_ENABLE_MODULES = YES;
				CLANG_ENABLE_OBJC_ARC = YES;
				CLANG_ENABLE_OBJC_WEAK = YES;
				CLANG_WARN_BLOCK_CAPTURE_AUTORELEASING = YES;
				CLANG_WARN_BOOL_CONVERSION = YES;
				CLANG_WARN_COMMA = YES;
				CLANG_WARN_CONSTANT_CONVERSION = YES;
				CLANG_WARN_DEPRECATED_OBJC_IMPLEMENTATIONS = YES;
				CLANG_WARN_DIRECT_OBJC_ISA_USAGE = YES_ERROR;
				CLANG_WARN_DOCUMENTATION_COMMENTS = YES;
				CLANG_WARN_EMPTY_BODY = YES;
				CLANG_WARN_ENUM_CONVERSION = YES;
				CLANG_WARN_INFINITE_RECURSION = YES;
				CLANG_WARN_INT_CONVERSION = YES;
				CLANG_WARN_NON_LITERAL_NULL_CONVERSION = YES;
				CLANG_WARN_OBJC_IMPLICIT_RETAIN_SELF = YES;
				CLANG_WARN_OBJC_LITERAL_CONVERSION = YES;
				CLANG_WARN_OBJC_ROOT_CLASS = YES_ERROR;
				CLANG_WARN_QUOTED_INCLUDE_IN_FRAMEWORK_HEADER = YES;
				CLANG_WARN_RANGE_LOOP_ANALYSIS = YES;
				CLANG_WARN_STRICT_PROTOTYPES = YES;
				CLANG_WARN_SUSPICIOUS_MOVE = YES;
				CLANG_WARN_UNGUARDED_AVAILABILITY = YES_AGGRESSIVE;
				CLANG_WARN_UNREACHABLE_CODE = YES;
				CLANG_WARN__DUPLICATE_METHOD_MATCH = YES;
				COPY_PHASE_STRIP = NO;
				DEBUG_INFORMATION_FORMAT = dwarf;
				ENABLE_STRICT_OBJC_MSGSEND = YES;
				ENABLE_TESTABILITY = YES;
				GCC_C_LANGUAGE_STANDARD = gnu11;
				GCC_DYNAMIC_NO_PIC = NO;
				GCC_NO_COMMON_BLOCKS = YES;
				GCC_OPTIMIZATION_LEVEL = 0;
				GCC_PREPROCESSOR_DEFINITIONS = (
					"DEBUG=1",
					"$(inherited)",
				);
				GCC_WARN_64_TO_32_BIT_CONVERSION = YES;
				GCC_WARN_ABOUT_RETURN_TYPE = YES_ERROR;
				GCC_WARN_UNDECLARED_SELECTOR = YES;
				GCC_WARN_UNINITIALIZED_AUTOS = YES_AGGRESSIVE;
				GCC_WARN_UNUSED_FUNCTION = YES;
				GCC_WARN_UNUSED_VARIABLE = YES;
				IPHONEOS_DEPLOYMENT_TARGET = 16.4;
				MTL_ENABLE_DEBUG_INFO = INCLUDE_SOURCE;
				MTL_FAST_MATH = YES;
				ONLY_ACTIVE_ARCH = YES;
				SDKROOT = iphoneos;
				SWIFT_ACTIVE_COMPILATION_CONDITIONS = DEBUG;
				SWIFT_OPTIMIZATION_LEVEL = "-Onone";
			};
			name = Debug;
		};
		690F07DD2A84FCC40017AFC2 /* Release */ = {
			isa = XCBuildConfiguration;
			buildSettings = {
				ALWAYS_SEARCH_USER_PATHS = NO;
				CLANG_ANALYZER_NONNULL = YES;
				CLANG_ANALYZER_NUMBER_OBJECT_CONVERSION = YES_AGGRESSIVE;
				CLANG_CXX_LANGUAGE_STANDARD = "gnu++20";
				CLANG_ENABLE_MODULES = YES;
				CLANG_ENABLE_OBJC_ARC = YES;
				CLANG_ENABLE_OBJC_WEAK = YES;
				CLANG_WARN_BLOCK_CAPTURE_AUTORELEASING = YES;
				CLANG_WARN_BOOL_CONVERSION = YES;
				CLANG_WARN_COMMA = YES;
				CLANG_WARN_CONSTANT_CONVERSION = YES;
				CLANG_WARN_DEPRECATED_OBJC_IMPLEMENTATIONS = YES;
				CLANG_WARN_DIRECT_OBJC_ISA_USAGE = YES_ERROR;
				CLANG_WARN_DOCUMENTATION_COMMENTS = YES;
				CLANG_WARN_EMPTY_BODY = YES;
				CLANG_WARN_ENUM_CONVERSION = YES;
				CLANG_WARN_INFINITE_RECURSION = YES;
				CLANG_WARN_INT_CONVERSION = YES;
				CLANG_WARN_NON_LITERAL_NULL_CONVERSION = YES;
				CLANG_WARN_OBJC_IMPLICIT_RETAIN_SELF = YES;
				CLANG_WARN_OBJC_LITERAL_CONVERSION = YES;
				CLANG_WARN_OBJC_ROOT_CLASS = YES_ERROR;
				CLANG_WARN_QUOTED_INCLUDE_IN_FRAMEWORK_HEADER = YES;
				CLANG_WARN_RANGE_LOOP_ANALYSIS = YES;
				CLANG_WARN_STRICT_PROTOTYPES = YES;
				CLANG_WARN_SUSPICIOUS_MOVE = YES;
				CLANG_WARN_UNGUARDED_AVAILABILITY = YES_AGGRESSIVE;
				CLANG_WARN_UNREACHABLE_CODE = YES;
				CLANG_WARN__DUPLICATE_METHOD_MATCH = YES;
				COPY_PHASE_STRIP = NO;
				DEBUG_INFORMATION_FORMAT = "dwarf-with-dsym";
				ENABLE_NS_ASSERTIONS = NO;
				ENABLE_STRICT_OBJC_MSGSEND = YES;
				GCC_C_LANGUAGE_STANDARD = gnu11;
				GCC_NO_COMMON_BLOCKS = YES;
				GCC_WARN_64_TO_32_BIT_CONVERSION = YES;
				GCC_WARN_ABOUT_RETURN_TYPE = YES_ERROR;
				GCC_WARN_UNDECLARED_SELECTOR = YES;
				GCC_WARN_UNINITIALIZED_AUTOS = YES_AGGRESSIVE;
				GCC_WARN_UNUSED_FUNCTION = YES;
				GCC_WARN_UNUSED_VARIABLE = YES;
				IPHONEOS_DEPLOYMENT_TARGET = 16.4;
				MTL_ENABLE_DEBUG_INFO = NO;
				MTL_FAST_MATH = YES;
				SDKROOT = iphoneos;
				SWIFT_COMPILATION_MODE = wholemodule;
				SWIFT_OPTIMIZATION_LEVEL = "-O";
				VALIDATE_PRODUCT = YES;
			};
			name = Release;
		};
		690F07DF2A84FCC40017AFC2 /* Debug */ = {
			isa = XCBuildConfiguration;
			buildSettings = {
				ASSETCATALOG_COMPILER_APPICON_NAME = AppIcon;
				ASSETCATALOG_COMPILER_GLOBAL_ACCENT_COLOR_NAME = AccentColor;
				CODE_SIGN_STYLE = Automatic;
				CURRENT_PROJECT_VERSION = 1;
				DEVELOPMENT_ASSET_PATHS = "\"Campus Cuisine/Preview Content\"";
				DEVELOPMENT_TEAM = FA3TSRCTCF;
				ENABLE_PREVIEWS = YES;
				GENERATE_INFOPLIST_FILE = YES;
				INFOPLIST_FILE = "Campus-Cuisine-Info.plist";
				INFOPLIST_KEY_NSLocationWhenInUseUsageDescription = "\"We need your location to use the map.\"";
				INFOPLIST_KEY_UIApplicationSceneManifest_Generation = YES;
				INFOPLIST_KEY_UIApplicationSupportsIndirectInputEvents = YES;
				INFOPLIST_KEY_UILaunchScreen_Generation = YES;
				INFOPLIST_KEY_UISupportedInterfaceOrientations_iPad = "UIInterfaceOrientationPortrait UIInterfaceOrientationPortraitUpsideDown UIInterfaceOrientationLandscapeLeft UIInterfaceOrientationLandscapeRight";
				INFOPLIST_KEY_UISupportedInterfaceOrientations_iPhone = "UIInterfaceOrientationPortrait UIInterfaceOrientationLandscapeLeft UIInterfaceOrientationLandscapeRight";
				LD_RUNPATH_SEARCH_PATHS = (
					"$(inherited)",
					"@executable_path/Frameworks",
				);
				MARKETING_VERSION = 1.0;
				PRODUCT_BUNDLE_IDENTIFIER = "com.Campus-Cuisine";
				PRODUCT_NAME = "$(TARGET_NAME)";
				SWIFT_EMIT_LOC_STRINGS = YES;
				SWIFT_VERSION = 5.0;
				TARGETED_DEVICE_FAMILY = "1,2";
			};
			name = Debug;
		};
		690F07E02A84FCC40017AFC2 /* Release */ = {
			isa = XCBuildConfiguration;
			buildSettings = {
				ASSETCATALOG_COMPILER_APPICON_NAME = AppIcon;
				ASSETCATALOG_COMPILER_GLOBAL_ACCENT_COLOR_NAME = AccentColor;
				CODE_SIGN_STYLE = Automatic;
				CURRENT_PROJECT_VERSION = 1;
				DEVELOPMENT_ASSET_PATHS = "\"Campus Cuisine/Preview Content\"";
				DEVELOPMENT_TEAM = FA3TSRCTCF;
				ENABLE_PREVIEWS = YES;
				GENERATE_INFOPLIST_FILE = YES;
				INFOPLIST_FILE = "Campus-Cuisine-Info.plist";
				INFOPLIST_KEY_NSLocationWhenInUseUsageDescription = "\"We need your location to use the map.\"";
				INFOPLIST_KEY_UIApplicationSceneManifest_Generation = YES;
				INFOPLIST_KEY_UIApplicationSupportsIndirectInputEvents = YES;
				INFOPLIST_KEY_UILaunchScreen_Generation = YES;
				INFOPLIST_KEY_UISupportedInterfaceOrientations_iPad = "UIInterfaceOrientationPortrait UIInterfaceOrientationPortraitUpsideDown UIInterfaceOrientationLandscapeLeft UIInterfaceOrientationLandscapeRight";
				INFOPLIST_KEY_UISupportedInterfaceOrientations_iPhone = "UIInterfaceOrientationPortrait UIInterfaceOrientationLandscapeLeft UIInterfaceOrientationLandscapeRight";
				LD_RUNPATH_SEARCH_PATHS = (
					"$(inherited)",
					"@executable_path/Frameworks",
				);
				MARKETING_VERSION = 1.0;
				PRODUCT_BUNDLE_IDENTIFIER = "com.Campus-Cuisine";
				PRODUCT_NAME = "$(TARGET_NAME)";
				SWIFT_EMIT_LOC_STRINGS = YES;
				SWIFT_VERSION = 5.0;
				TARGETED_DEVICE_FAMILY = "1,2";
			};
			name = Release;
		};
/* End XCBuildConfiguration section */

/* Begin XCConfigurationList section */
		690F07CB2A84FCC30017AFC2 /* Build configuration list for PBXProject "Campus Cuisine" */ = {
			isa = XCConfigurationList;
			buildConfigurations = (
				690F07DC2A84FCC40017AFC2 /* Debug */,
				690F07DD2A84FCC40017AFC2 /* Release */,
			);
			defaultConfigurationIsVisible = 0;
			defaultConfigurationName = Release;
		};
		690F07DE2A84FCC40017AFC2 /* Build configuration list for PBXNativeTarget "Campus Cuisine" */ = {
			isa = XCConfigurationList;
			buildConfigurations = (
				690F07DF2A84FCC40017AFC2 /* Debug */,
				690F07E02A84FCC40017AFC2 /* Release */,
			);
			defaultConfigurationIsVisible = 0;
			defaultConfigurationName = Release;
		};
/* End XCConfigurationList section */
	};
	rootObject = 690F07C82A84FCC30017AFC2 /* Project object */;
}
